
Microsoft Visual Studio Solution File, Format Version 12.00
# Visual Studio 14
VisualStudioVersion = 14.0.25420.1
MinimumVisualStudioVersion = 10.0.40219.1
Project("{8BC9CEB8-8B4A-11D0-8D11-00A0C91BC942}") = "hls2rtp", "hls2rtp.vcxproj", "{96BEFB0E-E5AC-44C4-A23E-62BDDF936C74}"
EndProject
Project("{54435603-DBB4-11D2-8724-00A0C9A8B90C}") = "Setup", "..\Setup\Setup.vdproj", "{456D7363-3610-46F7-85A0-B802137CDA9B}"
EndProject
Global
	GlobalSection(SolutionConfigurationPlatforms) = preSolution
		Debug|x64 = Debug|x64
		Debug|x86 = Debug|x86
		Release|x64 = Release|x64
		Release|x86 = Release|x86
	EndGlobalSection
	GlobalSection(ProjectConfigurationPlatforms) = postSolution
		{96BEFB0E-E5AC-44C4-A23E-62BDDF936C74}.Debug|x64.ActiveCfg = Debug|x64
		{96BEFB0E-E5AC-44C4-A23E-62BDDF936C74}.Debug|x64.Build.0 = Debug|x64
		{96BEFB0E-E5AC-44C4-A23E-62BDDF936C74}.Debug|x86.ActiveCfg = Debug|Win32
		{96BEFB0E-E5AC-44C4-A23E-62BDDF936C74}.Debug|x86.Build.0 = Debug|Win32
		{96BEFB0E-E5AC-44C4-A23E-62BDDF936C74}.Release|x64.ActiveCfg = Release|x64
		{96BEFB0E-E5AC-44C4-A23E-62BDDF936C74}.Release|x64.Build.0 = Release|x64
		{96BEFB0E-E5AC-44C4-A23E-62BDDF936C74}.Release|x86.ActiveCfg = Release|Win32
		{96BEFB0E-E5AC-44C4-A23E-62BDDF936C74}.Release|x86.Build.0 = Release|Win32
		{456D7363-3610-46F7-85A0-B802137CDA9B}.Debug|x64.ActiveCfg = Debug
		{456D7363-3610-46F7-85A0-B802137CDA9B}.Debug|x86.ActiveCfg = Debug
		{456D7363-3610-46F7-85A0-B802137CDA9B}.Release|x64.ActiveCfg = Release
		{456D7363-3610-46F7-85A0-B802137CDA9B}.Release|x86.ActiveCfg = Release
	EndGlobalSection
	GlobalSection(SolutionProperties) = preSolution
		HideSolutionNode = FALSE
	EndGlobalSection
EndGlobal
